
Microsoft Visual Studio Solution File, Format Version 12.00
# Visual Studio 15
VisualStudioVersion = 15.0.27130.2036
MinimumVisualStudioVersion = 10.0.40219.1
Project("{FAE04EC0-301F-11D3-BF4B-00C04F79EFBC}") = "Administrator", "Administrator\Administrator.csproj", "{0C0FB66D-DCAC-4EF1-9836-2E3CEF2DF3B1}"
EndProject
Global
	GlobalSection(SolutionConfigurationPlatforms) = preSolution
		Debug|Any CPU = Debug|Any CPU
		Release|Any CPU = Release|Any CPU
	EndGlobalSection
	GlobalSection(ProjectConfigurationPlatforms) = postSolution
		{0C0FB66D-DCAC-4EF1-9836-2E3CEF2DF3B1}.Debug|Any CPU.ActiveCfg = Debug|Any CPU
		{0C0FB66D-DCAC-4EF1-9836-2E3CEF2DF3B1}.Debug|Any CPU.Build.0 = Debug|Any CPU
		{0C0FB66D-DCAC-4EF1-9836-2E3CEF2DF3B1}.Release|Any CPU.ActiveCfg = Release|Any CPU
		{0C0FB66D-DCAC-4EF1-9836-2E3CEF2DF3B1}.Release|Any CPU.Build.0 = Release|Any CPU
	EndGlobalSection
	GlobalSection(SolutionProperties) = preSolution
		HideSolutionNode = FALSE
	EndGlobalSection
	GlobalSection(ExtensibilityGlobals) = postSolution
		SolutionGuid = {FA522703-E9F6-41DD-99AC-05CBB5B7FC4F}
	EndGlobalSection
EndGlobal
